Microsoft Visual Studio Solution File, Format Version 11.00
# Visual Studio 2008

Project("{DCBDD4AF-F978-3DE8-DBB4-C93395715C5B}") = "Megaman 1", "Assembly-CSharp.csproj", "{B0C2ED22-6ED3-15E2-53FB-1AE0ED8D9003}"
EndProject
Global
	GlobalSection(SolutionConfigurationPlatforms) = preSolution
		Debug|Any CPU = Debug|Any CPU
		Release|Any CPU = Release|Any CPU
	EndGlobalSection
	GlobalSection(ProjectConfigurationPlatforms) = postSolution
		{B0C2ED22-6ED3-15E2-53FB-1AE0ED8D9003}.Debug|Any CPU.ActiveCfg = Debug|Any CPU
		{B0C2ED22-6ED3-15E2-53FB-1AE0ED8D9003}.Debug|Any CPU.Build.0 = Debug|Any CPU
		{B0C2ED22-6ED3-15E2-53FB-1AE0ED8D9003}.Release|Any CPU.ActiveCfg = Release|Any CPU
		{B0C2ED22-6ED3-15E2-53FB-1AE0ED8D9003}.Release|Any CPU.Build.0 = Release|Any CPU
	EndGlobalSection
	GlobalSection(SolutionProperties) = preSolution
		HideSolutionNode = FALSE
	EndGlobalSection
	GlobalSection(MonoDevelopProperties) = preSolution
		StartupItem = Assembly-CSharp.csproj
	EndGlobalSection
EndGlobal
